
Microsoft Visual Studio Solution File, Format Version 12.00
# Visual Studio Version 16
VisualStudioVersion = 16.0.32002.261
MinimumVisualStudioVersion = 10.0.40219.1
Project("{FAE04EC0-301F-11D3-BF4B-00C04F79EFBC}") = "HW1.UWP", "HW1\HW1.UWP\HW1.UWP.csproj", "{8B337CC0-B5F0-4294-973D-5E781A780FEF}"
EndProject
Project("{FAE04EC0-301F-11D3-BF4B-00C04F79EFBC}") = "HW1.Android", "HW1\HW1.Android\HW1.Android.csproj", "{4055D7DC-52AA-4642-B641-1D86DF2923CA}"
EndProject
Project("{FAE04EC0-301F-11D3-BF4B-00C04F79EFBC}") = "HW1.iOS", "HW1\HW1.iOS\HW1.iOS.csproj", "{FE2BDFEC-CAEF-4905-A446-EBBD522C7FC6}"
EndProject
Project("{FAE04EC0-301F-11D3-BF4B-00C04F79EFBC}") = "HW1", "HW1\HW1\HW1.csproj", "{A08A3738-252F-4AD9-BC94-4DCD89FAA5BA}"
EndProject
Global
	GlobalSection(SolutionConfigurationPlatforms) = preSolution
		Debug|Any CPU = Debug|Any CPU
		Debug|ARM = Debug|ARM
		Debug|iPhone = Debug|iPhone
		Debug|iPhoneSimulator = Debug|iPhoneSimulator
		Debug|x64 = Debug|x64
		Debug|x86 = Debug|x86
		Release|Any CPU = Release|Any CPU
		Release|ARM = Release|ARM
		Release|iPhone = Release|iPhone
		Release|iPhoneSimulator = Release|iPhoneSimulator
		Release|x64 = Release|x64
		Release|x86 = Release|x86
	EndGlobalSection
	GlobalSection(ProjectConfigurationPlatforms) = postSolution
		{8B337CC0-B5F0-4294-973D-5E781A780FEF}.Debug|Any CPU.ActiveCfg = Debug|x86
		{8B337CC0-B5F0-4294-973D-5E781A780FEF}.Debug|Any CPU.Build.0 = Debug|x86
		{8B337CC0-B5F0-4294-973D-5E781A780FEF}.Debug|Any CPU.Deploy.0 = Debug|x86
		{8B337CC0-B5F0-4294-973D-5E781A780FEF}.Debug|ARM.ActiveCfg = Debug|ARM
		{8B337CC0-B5F0-4294-973D-5E781A780FEF}.Debug|ARM.Build.0 = Debug|ARM
		{8B337CC0-B5F0-4294-973D-5E781A780FEF}.Debug|ARM.Deploy.0 = Debug|ARM
		{8B337CC0-B5F0-4294-973D-5E781A780FEF}.Debug|iPhone.ActiveCfg = Debug|x86
		{8B337CC0-B5F0-4294-973D-5E781A780FEF}.Debug|iPhone.Build.0 = Debug|x86
		{8B337CC0-B5F0-4294-973D-5E781A780FEF}.Debug|iPhone.Deploy.0 = Debug|x86
		{8B337CC0-B5F0-4294-973D-5E781A780FEF}.Debug|iPhoneSimulator.ActiveCfg = Debug|x86
		{8B337CC0-B5F0-4294-973D-5E781A780FEF}.Debug|iPhoneSimulator.Build.0 = Debug|x86
		{8B337CC0-B5F0-4294-973D-5E781A780FEF}.Debug|iPhoneSimulator.Deploy.0 = Debug|x86
		{8B337CC0-B5F0-4294-973D-5E781A780FEF}.Debug|x64.ActiveCfg = Debug|x64
		{8B337CC0-B5F0-4294-973D-5E781A780FEF}.Debug|x64.Build.0 = Debug|x64
		{8B337CC0-B5F0-4294-973D-5E781A780FEF}.Debug|x64.Deploy.0 = Debug|x64
		{8B337CC0-B5F0-4294-973D-5E781A780FEF}.Debug|x86.ActiveCfg = Debug|x86
		{8B337CC0-B5F0-4294-973D-5E781A780FEF}.Debug|x86.Build.0 = Debug|x86
		{8B337CC0-B5F0-4294-973D-5E781A780FEF}.Debug|x86.Deploy.0 = Debug|x86
		{8B337CC0-B5F0-4294-973D-5E781A780FEF}.Release|Any CPU.ActiveCfg = Release|x86
		{8B337CC0-B5F0-4294-973D-5E781A780FEF}.Release|Any CPU.Build.0 = Release|x86
		{8B337CC0-B5F0-4294-973D-5E781A780FEF}.Release|Any CPU.Deploy.0 = Release|x86
		{8B337CC0-B5F0-4294-973D-5E781A780FEF}.Release|ARM.ActiveCfg = Release|ARM
		{8B337CC0-B5F0-4294-973D-5E781A780FEF}.Release|ARM.Build.0 = Release|ARM
		{8B337CC0-B5F0-4294-973D-5E781A780FEF}.Release|ARM.Deploy.0 = Release|ARM
		{8B337CC0-B5F0-4294-973D-5E781A780FEF}.Release|iPhone.ActiveCfg = Release|x86
		{8B337CC0-B5F0-4294-973D-5E781A780FEF}.Release|iPhone.Build.0 = Release|x86
		{8B337CC0-B5F0-4294-973D-5E781A780FEF}.Release|iPhone.Deploy.0 = Release|x86
		{8B337CC0-B5F0-4294-973D-5E781A780FEF}.Release|iPhoneSimulator.ActiveCfg = Release|x86
		{8B337CC0-B5F0-4294-973D-5E781A780FEF}.Release|iPhoneSimulator.Build.0 = Release|x86
		{8B337CC0-B5F0-4294-973D-5E781A780FEF}.Release|iPhoneSimulator.Deploy.0 = Release|x86
		{8B337CC0-B5F0-4294-973D-5E781A780FEF}.Release|x64.ActiveCfg = Release|x64
		{8B337CC0-B5F0-4294-973D-5E781A780FEF}.Release|x64.Build.0 = Release|x64
		{8B337CC0-B5F0-4294-973D-5E781A780FEF}.Release|x64.Deploy.0 = Release|x64
		{8B337CC0-B5F0-4294-973D-5E781A780FEF}.Release|x86.ActiveCfg = Release|x86
		{8B337CC0-B5F0-4294-973D-5E781A780FEF}.Release|x86.Build.0 = Release|x86
		{8B337CC0-B5F0-4294-973D-5E781A780FEF}.Release|x86.Deploy.0 = Release|x86
		{4055D7DC-52AA-4642-B641-1D86DF2923CA}.Debug|Any CPU.ActiveCfg = Debug|Any CPU
		{4055D7DC-52AA-4642-B641-1D86DF2923CA}.Debug|Any CPU.Build.0 = Debug|Any CPU
		{4055D7DC-52AA-4642-B641-1D86DF2923CA}.Debug|Any CPU.Deploy.0 = Debug|Any CPU
		{4055D7DC-52AA-4642-B641-1D86DF2923CA}.Debug|ARM.ActiveCfg = Debug|Any CPU
		{4055D7DC-52AA-4642-B641-1D86DF2923CA}.Debug|ARM.Build.0 = Debug|Any CPU
		{4055D7DC-52AA-4642-B641-1D86DF2923CA}.Debug|ARM.Deploy.0 = Debug|Any CPU
		{4055D7DC-52AA-4642-B641-1D86DF2923CA}.Debug|iPhone.ActiveCfg = Debug|Any CPU
		{4055D7DC-52AA-4642-B641-1D86DF2923CA}.Debug|iPhone.Build.0 = Debug|Any CPU
		{4055D7DC-52AA-4642-B641-1D86DF2923CA}.Debug|iPhone.Deploy.0 = Debug|Any CPU
		{4055D7DC-52AA-4642-B641-1D86DF2923CA}.Debug|iPhoneSimulator.ActiveCfg = Debug|Any CPU
		{4055D7DC-52AA-4642-B641-1D86DF2923CA}.Debug|iPhoneSimulator.Build.0 = Debug|Any CPU
		{4055D7DC-52AA-4642-B641-1D86DF2923CA}.Debug|iPhoneSimulator.Deploy.0 = Debug|Any CPU
		{4055D7DC-52AA-4642-B641-1D86DF2923CA}.Debug|x64.ActiveCfg = Debug|Any CPU
		{4055D7DC-52AA-4642-B641-1D86DF2923CA}.Debug|x64.Build.0 = Debug|Any CPU
		{4055D7DC-52AA-4642-B641-1D86DF2923CA}.Debug|x64.Deploy.0 = Debug|Any CPU
		{4055D7DC-52AA-4642-B641-1D86DF2923CA}.Debug|x86.ActiveCfg = Debug|Any CPU
		{4055D7DC-52AA-4642-B641-1D86DF2923CA}.Debug|x86.Build.0 = Debug|Any CPU
		{4055D7DC-52AA-4642-B641-1D86DF2923CA}.Debug|x86.Deploy.0 = Debug|Any CPU
		{4055D7DC-52AA-4642-B641-1D86DF2923CA}.Release|Any CPU.ActiveCfg = Release|Any CPU
		{4055D7DC-52AA-4642-B641-1D86DF2923CA}.Release|Any CPU.Build.0 = Release|Any CPU
		{4055D7DC-52AA-4642-B641-1D86DF2923CA}.Release|Any CPU.Deploy.0 = Release|Any CPU
		{4055D7DC-52AA-4642-B641-1D86DF2923CA}.Release|ARM.ActiveCfg = Release|Any CPU
		{4055D7DC-52AA-4642-B641-1D86DF2923CA}.Release|ARM.Build.0 = Release|Any CPU
		{4055D7DC-52AA-4642-B641-1D86DF2923CA}.Release|ARM.Deploy.0 = Release|Any CPU
		{4055D7DC-52AA-4642-B641-1D86DF2923CA}.Release|iPhone.ActiveCfg = Release|Any CPU
		{4055D7DC-52AA-4642-B641-1D86DF2923CA}.Release|iPhone.Build.0 = Release|Any CPU
		{4055D7DC-52AA-4642-B641-1D86DF2923CA}.Release|iPhone.Deploy.0 = Release|Any CPU
		{4055D7DC-52AA-4642-B641-1D86DF2923CA}.Release|iPhoneSimulator.ActiveCfg = Release|Any CPU
		{4055D7DC-52AA-4642-B641-1D86DF2923CA}.Release|iPhoneSimulator.Build.0 = Release|Any CPU
		{4055D7DC-52AA-4642-B641-1D86DF2923CA}.Release|iPhoneSimulator.Deploy.0 = Release|Any CPU
		{4055D7DC-52AA-4642-B641-1D86DF2923CA}.Release|x64.ActiveCfg = Release|Any CPU
		{4055D7DC-52AA-4642-B641-1D86DF2923CA}.Release|x64.Build.0 = Release|Any CPU
		{4055D7DC-52AA-4642-B641-1D86DF2923CA}.Release|x64.Deploy.0 = Release|Any CPU
		{4055D7DC-52AA-4642-B641-1D86DF2923CA}.Release|x86.ActiveCfg = Release|Any CPU
		{4055D7DC-52AA-4642-B641-1D86DF2923CA}.Release|x86.Build.0 = Release|Any CPU
		{4055D7DC-52AA-4642-B641-1D86DF2923CA}.Release|x86.Deploy.0 = Release|Any CPU
		{FE2BDFEC-CAEF-4905-A446-EBBD522C7FC6}.Debug|Any CPU.ActiveCfg = Debug|iPhoneSimulator
		{FE2BDFEC-CAEF-4905-A446-EBBD522C7FC6}.Debug|Any CPU.Build.0 = Debug|iPhoneSimulator
		{FE2BDFEC-CAEF-4905-A446-EBBD522C7FC6}.Debug|Any CPU.Deploy.0 = Debug|iPhoneSimulator
		{FE2BDFEC-CAEF-4905-A446-EBBD522C7FC6}.Debug|ARM.ActiveCfg = Debug|iPhone
		{FE2BDFEC-CAEF-4905-A446-EBBD522C7FC6}.Debug|ARM.Build.0 = Debug|iPhone
		{FE2BDFEC-CAEF-4905-A446-EBBD522C7FC6}.Debug|ARM.Deploy.0 = Debug|iPhone
		{FE2BDFEC-CAEF-4905-A446-EBBD522C7FC6}.Debug|iPhone.ActiveCfg = Debug|iPhone
		{FE2BDFEC-CAEF-4905-A446-EBBD522C7FC6}.Debug|iPhone.Build.0 = Debug|iPhone
		{FE2BDFEC-CAEF-4905-A446-EBBD522C7FC6}.Debug|iPhone.Deploy.0 = Debug|iPhone
		{FE2BDFEC-CAEF-4905-A446-EBBD522C7FC6}.Debug|iPhoneSimulator.ActiveCfg = Debug|iPhoneSimulator
		{FE2BDFEC-CAEF-4905-A446-EBBD522C7FC6}.Debug|iPhoneSimulator.Build.0 = Debug|iPhoneSimulator
		{FE2BDFEC-CAEF-4905-A446-EBBD522C7FC6}.Debug|iPhoneSimulator.Deploy.0 = Debug|iPhoneSimulator
		{FE2BDFEC-CAEF-4905-A446-EBBD522C7FC6}.Debug|x64.ActiveCfg = Debug|iPhoneSimulator
		{FE2BDFEC-CAEF-4905-A446-EBBD522C7FC6}.Debug|x64.Build.0 = Debug|iPhoneSimulator
		{FE2BDFEC-CAEF-4905-A446-EBBD522C7FC6}.Debug|x64.Deploy.0 = Debug|iPhoneSimulator
		{FE2BDFEC-CAEF-4905-A446-EBBD522C7FC6}.Debug|x86.ActiveCfg = Debug|iPhoneSimulator
		{FE2BDFEC-CAEF-4905-A446-EBBD522C7FC6}.Debug|x86.Build.0 = Debug|iPhoneSimulator
		{FE2BDFEC-CAEF-4905-A446-EBBD522C7FC6}.Debug|x86.Deploy.0 = Debug|iPhoneSimulator
		{FE2BDFEC-CAEF-4905-A446-EBBD522C7FC6}.Release|Any CPU.ActiveCfg = Release|iPhoneSimulator
		{FE2BDFEC-CAEF-4905-A446-EBBD522C7FC6}.Release|Any CPU.Build.0 = Release|iPhoneSimulator
		{FE2BDFEC-CAEF-4905-A446-EBBD522C7FC6}.Release|Any CPU.Deploy.0 = Release|iPhoneSimulator
		{FE2BDFEC-CAEF-4905-A446-EBBD522C7FC6}.Release|ARM.ActiveCfg = Release|iPhoneSimulator
		{FE2BDFEC-CAEF-4905-A446-EBBD522C7FC6}.Release|ARM.Build.0 = Release|iPhoneSimulator
		{FE2BDFEC-CAEF-4905-A446-EBBD522C7FC6}.Release|ARM.Deploy.0 = Release|iPhoneSimulator
		{FE2BDFEC-CAEF-4905-A446-EBBD522C7FC6}.Release|iPhone.ActiveCfg = Release|iPhone
		{FE2BDFEC-CAEF-4905-A446-EBBD522C7FC6}.Release|iPhone.Build.0 = Release|iPhone
		{FE2BDFEC-CAEF-4905-A446-EBBD522C7FC6}.Release|iPhone.Deploy.0 = Release|iPhone
		{FE2BDFEC-CAEF-4905-A446-EBBD522C7FC6}.Release|iPhoneSimulator.ActiveCfg = Release|iPhoneSimulator
		{FE2BDFEC-CAEF-4905-A446-EBBD522C7FC6}.Release|iPhoneSimulator.Build.0 = Release|iPhoneSimulator
		{FE2BDFEC-CAEF-4905-A446-EBBD522C7FC6}.Release|iPhoneSimulator.Deploy.0 = Release|iPhoneSimulator
		{FE2BDFEC-CAEF-4905-A446-EBBD522C7FC6}.Release|x64.ActiveCfg = Release|iPhoneSimulator
		{FE2BDFEC-CAEF-4905-A446-EBBD522C7FC6}.Release|x64.Build.0 = Release|iPhoneSimulator
		{FE2BDFEC-CAEF-4905-A446-EBBD522C7FC6}.Release|x64.Deploy.0 = Release|iPhoneSimulator
		{FE2BDFEC-CAEF-4905-A446-EBBD522C7FC6}.Release|x86.ActiveCfg = Release|iPhoneSimulator
		{FE2BDFEC-CAEF-4905-A446-EBBD522C7FC6}.Release|x86.Build.0 = Release|iPhoneSimulator
		{FE2BDFEC-CAEF-4905-A446-EBBD522C7FC6}.Release|x86.Deploy.0 = Release|iPhoneSimulator
		{A08A3738-252F-4AD9-BC94-4DCD89FAA5BA}.Debug|Any CPU.ActiveCfg = Debug|Any CPU
		{A08A3738-252F-4AD9-BC94-4DCD89FAA5BA}.Debug|Any CPU.Build.0 = Debug|Any CPU
		{A08A3738-252F-4AD9-BC94-4DCD89FAA5BA}.Debug|Any CPU.Deploy.0 = Debug|Any CPU
		{A08A3738-252F-4AD9-BC94-4DCD89FAA5BA}.Debug|ARM.ActiveCfg = Debug|Any CPU
		{A08A3738-252F-4AD9-BC94-4DCD89FAA5BA}.Debug|ARM.Build.0 = Debug|Any CPU
		{A08A3738-252F-4AD9-BC94-4DCD89FAA5BA}.Debug|ARM.Deploy.0 = Debug|Any CPU
		{A08A3738-252F-4AD9-BC94-4DCD89FAA5BA}.Debug|iPhone.ActiveCfg = Debug|Any CPU
		{A08A3738-252F-4AD9-BC94-4DCD89FAA5BA}.Debug|iPhone.Build.0 = Debug|Any CPU
		{A08A3738-252F-4AD9-BC94-4DCD89FAA5BA}.Debug|iPhone.Deploy.0 = Debug|Any CPU
		{A08A3738-252F-4AD9-BC94-4DCD89FAA5BA}.Debug|iPhoneSimulator.ActiveCfg = Debug|Any CPU
		{A08A3738-252F-4AD9-BC94-4DCD89FAA5BA}.Debug|iPhoneSimulator.Build.0 = Debug|Any CPU
		{A08A3738-252F-4AD9-BC94-4DCD89FAA5BA}.Debug|iPhoneSimulator.Deploy.0 = Debug|Any CPU
		{A08A3738-252F-4AD9-BC94-4DCD89FAA5BA}.Debug|x64.ActiveCfg = Debug|Any CPU
		{A08A3738-252F-4AD9-BC94-4DCD89FAA5BA}.Debug|x64.Build.0 = Debug|Any CPU
		{A08A3738-252F-4AD9-BC94-4DCD89FAA5BA}.Debug|x64.Deploy.0 = Debug|Any CPU
		{A08A3738-252F-4AD9-BC94-4DCD89FAA5BA}.Debug|x86.ActiveCfg = Debug|Any CPU
		{A08A3738-252F-4AD9-BC94-4DCD89FAA5BA}.Debug|x86.Build.0 = Debug|Any CPU
		{A08A3738-252F-4AD9-BC94-4DCD89FAA5BA}.Debug|x86.Deploy.0 = Debug|Any CPU
		{A08A3738-252F-4AD9-BC94-4DCD89FAA5BA}.Release|Any CPU.ActiveCfg = Release|Any CPU
		{A08A3738-252F-4AD9-BC94-4DCD89FAA5BA}.Release|Any CPU.Build.0 = Release|Any CPU
		{A08A3738-252F-4AD9-BC94-4DCD89FAA5BA}.Release|Any CPU.Deploy.0 = Release|Any CPU
		{A08A3738-252F-4AD9-BC94-4DCD89FAA5BA}.Release|ARM.ActiveCfg = Release|Any CPU
		{A08A3738-252F-4AD9-BC94-4DCD89FAA5BA}.Release|ARM.Build.0 = Release|Any CPU
		{A08A3738-252F-4AD9-BC94-4DCD89FAA5BA}.Release|ARM.Deploy.0 = Release|Any CPU
		{A08A3738-252F-4AD9-BC94-4DCD89FAA5BA}.Release|iPhone.ActiveCfg = Release|Any CPU
		{A08A3738-252F-4AD9-BC94-4DCD89FAA5BA}.Release|iPhone.Build.0 = Release|Any CPU
		{A08A3738-252F-4AD9-BC94-4DCD89FAA5BA}.Release|iPhone.Deploy.0 = Release|Any CPU
		{A08A3738-252F-4AD9-BC94-4DCD89FAA5BA}.Release|iPhoneSimulator.ActiveCfg = Release|Any CPU
		{A08A3738-252F-4AD9-BC94-4DCD89FAA5BA}.Release|iPhoneSimulator.Build.0 = Release|Any CPU
		{A08A3738-252F-4AD9-BC94-4DCD89FAA5BA}.Release|iPhoneSimulator.Deploy.0 = Release|Any CPU
		{A08A3738-252F-4AD9-BC94-4DCD89FAA5BA}.Release|x64.ActiveCfg = Release|Any CPU
		{A08A3738-252F-4AD9-BC94-4DCD89FAA5BA}.Release|x64.Build.0 = Release|Any CPU
		{A08A3738-252F-4AD9-BC94-4DCD89FAA5BA}.Release|x64.Deploy.0 = Release|Any CPU
		{A08A3738-252F-4AD9-BC94-4DCD89FAA5BA}.Release|x86.ActiveCfg = Release|Any CPU
		{A08A3738-252F-4AD9-BC94-4DCD89FAA5BA}.Release|x86.Build.0 = Release|Any CPU
		{A08A3738-252F-4AD9-BC94-4DCD89FAA5BA}.Release|x86.Deploy.0 = Release|Any CPU
	EndGlobalSection
	GlobalSection(SolutionProperties) = preSolution
		HideSolutionNode = FALSE
	EndGlobalSection
	GlobalSection(ExtensibilityGlobals) = postSolution
		SolutionGuid = {C0E52D1C-A838-4E8D-B893-16BB725B6DA0}
	EndGlobalSection
EndGlobal
